
Microsoft Visual Studio Solution File, Format Version 12.00
# Visual Studio Version 17
VisualStudioVersion = 17.5.002.0
MinimumVisualStudioVersion = 10.0.40219.1
Project("{2150E333-8FDC-42A3-9474-1A3956D46DE8}") = "csharp-prep", "csharp-prep", "{F93F8CC5-3908-4E05-9F26-31FF22EEB8F6}"
EndProject
Project("{9A19103F-16F7-4668-BE54-9A1E7A4F7556}") = "Prep1", "csharp-prep\Prep1\Prep1.csproj", "{6140B4D0-BF13-485F-9A42-BD1A8B1C4F02}"
EndProject
Project("{9A19103F-16F7-4668-BE54-9A1E7A4F7556}") = "Prep2", "csharp-prep\Prep2\Prep2.csproj", "{8B6078FE-ABB8-4F64-A283-838146704EE5}"
EndProject
Project("{9A19103F-16F7-4668-BE54-9A1E7A4F7556}") = "Prep3", "csharp-prep\Prep3\Prep3.csproj", "{43EB7163-22D1-4E99-A22E-6E9CFD72AF56}"
EndProject
Project("{9A19103F-16F7-4668-BE54-9A1E7A4F7556}") = "Prep4", "csharp-prep\Prep4\Prep4.csproj", "{F921744C-EFE0-4566-BE17-D09ED278430C}"
EndProject
Project("{9A19103F-16F7-4668-BE54-9A1E7A4F7556}") = "Prep5", "csharp-prep\Prep5\Prep5.csproj", "{1184FCAC-E206-4E8C-860E-0DE240F19173}"
EndProject
Project("{2150E333-8FDC-42A3-9474-1A3956D46DE8}") = "final", "final", "{054BDE39-33FD-406B-AD9B-1E5682AC1024}"
EndProject
Project("{9A19103F-16F7-4668-BE54-9A1E7A4F7556}") = "FinalProject", "final\FinalProject\FinalProject.csproj", "{2A98A376-F884-4AC3-B529-054A72FF28C8}"
EndProject
Project("{9A19103F-16F7-4668-BE54-9A1E7A4F7556}") = "Foundation1", "final\Foundation1\Foundation1.csproj", "{7A278294-5A96-49FD-9C8C-7FD1B3C02DA4}"
EndProject
Project("{9A19103F-16F7-4668-BE54-9A1E7A4F7556}") = "Foundation2", "final\Foundation2\Foundation2.csproj", "{93DB0327-8D30-459C-B492-40EA6CB6C458}"
EndProject
Project("{9A19103F-16F7-4668-BE54-9A1E7A4F7556}") = "Foundation3", "final\Foundation3\Foundation3.csproj", "{1F4F6D0A-62E2-4A33-8666-98FB8EB64872}"
EndProject
Project("{9A19103F-16F7-4668-BE54-9A1E7A4F7556}") = "Foundation4", "final\Foundation4\Foundation4.csproj", "{D4847581-E9C1-45BB-A06F-49C5FDCC09BE}"
EndProject
Project("{2150E333-8FDC-42A3-9474-1A3956D46DE8}") = "prepare", "prepare", "{9AAD409D-77BF-4B06-89D3-6A7E50CACA59}"
EndProject
Project("{9A19103F-16F7-4668-BE54-9A1E7A4F7556}") = "Learning02", "prepare\Learning02\Learning02.csproj", "{275A8A24-FF25-49BA-9528-54F6F75D4BB6}"
EndProject
Project("{9A19103F-16F7-4668-BE54-9A1E7A4F7556}") = "Learning03", "prepare\Learning03\Learning03.csproj", "{486B8399-16BF-4F5D-8F23-E8C6A0620B4D}"
EndProject
Project("{9A19103F-16F7-4668-BE54-9A1E7A4F7556}") = "Learning04", "prepare\Learning04\Learning04.csproj", "{62DC3B88-CBB5-4348-B374-399C19D89DB8}"
EndProject
Project("{9A19103F-16F7-4668-BE54-9A1E7A4F7556}") = "Learning05", "prepare\Learning05\Learning05.csproj", "{A1387324-2AE2-4FEE-9AFA-1195B928673B}"
EndProject
Project("{2150E333-8FDC-42A3-9474-1A3956D46DE8}") = "prove", "prove", "{5482257B-EE48-4A41-B550-AEA9B2BAF3B5}"
EndProject
Project("{9A19103F-16F7-4668-BE54-9A1E7A4F7556}") = "Develop02", "prove\Develop02\Develop02.csproj", "{EC985F93-26E3-4528-9C7F-D74B850D2F5F}"
EndProject
Project("{9A19103F-16F7-4668-BE54-9A1E7A4F7556}") = "Develop03", "prove\Develop03\Develop03.csproj", "{4799704B-379E-4DBC-BFE0-1D6876522E01}"
EndProject
Project("{9A19103F-16F7-4668-BE54-9A1E7A4F7556}") = "Develop04", "prove\Develop04\Develop04.csproj", "{73F7D8BB-3968-4D76-AF95-E6C3ABEF37F0}"
EndProject
Project("{9A19103F-16F7-4668-BE54-9A1E7A4F7556}") = "Develop05", "prove\Develop05\Develop05.csproj", "{BCC25C73-D28E-4FD6-B7D5-B9D0E88AE84C}"
EndProject
Project("{2150E333-8FDC-42A3-9474-1A3956D46DE8}") = "sandbox", "sandbox", "{FDF5423B-CD6F-4CCB-BC74-41A5A0672DB9}"
EndProject
Project("{9A19103F-16F7-4668-BE54-9A1E7A4F7556}") = "Sandbox", "sandbox\Sandbox\Sandbox.csproj", "{B6F16E1C-11EB-439C-BB1F-DD07F79D8122}"
EndProject
Global
	GlobalSection(SolutionConfigurationPlatforms) = preSolution
		Debug|Any CPU = Debug|Any CPU
		Release|Any CPU = Release|Any CPU
	EndGlobalSection
	GlobalSection(ProjectConfigurationPlatforms) = postSolution
		{6140B4D0-BF13-485F-9A42-BD1A8B1C4F02}.Debug|Any CPU.ActiveCfg = Debug|Any CPU
		{6140B4D0-BF13-485F-9A42-BD1A8B1C4F02}.Debug|Any CPU.Build.0 = Debug|Any CPU
		{6140B4D0-BF13-485F-9A42-BD1A8B1C4F02}.Release|Any CPU.ActiveCfg = Release|Any CPU
		{6140B4D0-BF13-485F-9A42-BD1A8B1C4F02}.Release|Any CPU.Build.0 = Release|Any CPU
		{8B6078FE-ABB8-4F64-A283-838146704EE5}.Debug|Any CPU.ActiveCfg = Debug|Any CPU
		{8B6078FE-ABB8-4F64-A283-838146704EE5}.Debug|Any CPU.Build.0 = Debug|Any CPU
		{8B6078FE-ABB8-4F64-A283-838146704EE5}.Release|Any CPU.ActiveCfg = Release|Any CPU
		{8B6078FE-ABB8-4F64-A283-838146704EE5}.Release|Any CPU.Build.0 = Release|Any CPU
		{43EB7163-22D1-4E99-A22E-6E9CFD72AF56}.Debug|Any CPU.ActiveCfg = Debug|Any CPU
		{43EB7163-22D1-4E99-A22E-6E9CFD72AF56}.Debug|Any CPU.Build.0 = Debug|Any CPU
		{43EB7163-22D1-4E99-A22E-6E9CFD72AF56}.Release|Any CPU.ActiveCfg = Release|Any CPU
		{43EB7163-22D1-4E99-A22E-6E9CFD72AF56}.Release|Any CPU.Build.0 = Release|Any CPU
		{F921744C-EFE0-4566-BE17-D09ED278430C}.Debug|Any CPU.ActiveCfg = Debug|Any CPU
		{F921744C-EFE0-4566-BE17-D09ED278430C}.Debug|Any CPU.Build.0 = Debug|Any CPU
		{F921744C-EFE0-4566-BE17-D09ED278430C}.Release|Any CPU.ActiveCfg = Release|Any CPU
		{F921744C-EFE0-4566-BE17-D09ED278430C}.Release|Any CPU.Build.0 = Release|Any CPU
		{1184FCAC-E206-4E8C-860E-0DE240F19173}.Debug|Any CPU.ActiveCfg = Debug|Any CPU
		{1184FCAC-E206-4E8C-860E-0DE240F19173}.Debug|Any CPU.Build.0 = Debug|Any CPU
		{1184FCAC-E206-4E8C-860E-0DE240F19173}.Release|Any CPU.ActiveCfg = Release|Any CPU
		{1184FCAC-E206-4E8C-860E-0DE240F19173}.Release|Any CPU.Build.0 = Release|Any CPU
		{2A98A376-F884-4AC3-B529-054A72FF28C8}.Debug|Any CPU.ActiveCfg = Debug|Any CPU
		{2A98A376-F884-4AC3-B529-054A72FF28C8}.Debug|Any CPU.Build.0 = Debug|Any CPU
		{2A98A376-F884-4AC3-B529-054A72FF28C8}.Release|Any CPU.ActiveCfg = Release|Any CPU
		{2A98A376-F884-4AC3-B529-054A72FF28C8}.Release|Any CPU.Build.0 = Release|Any CPU
		{7A278294-5A96-49FD-9C8C-7FD1B3C02DA4}.Debug|Any CPU.ActiveCfg = Debug|Any CPU
		{7A278294-5A96-49FD-9C8C-7FD1B3C02DA4}.Debug|Any CPU.Build.0 = Debug|Any CPU
		{7A278294-5A96-49FD-9C8C-7FD1B3C02DA4}.Release|Any CPU.ActiveCfg = Release|Any CPU
		{7A278294-5A96-49FD-9C8C-7FD1B3C02DA4}.Release|Any CPU.Build.0 = Release|Any CPU
		{93DB0327-8D30-459C-B492-40EA6CB6C458}.Debug|Any CPU.ActiveCfg = Debug|Any CPU
		{93DB0327-8D30-459C-B492-40EA6CB6C458}.Debug|Any CPU.Build.0 = Debug|Any CPU
		{93DB0327-8D30-459C-B492-40EA6CB6C458}.Release|Any CPU.ActiveCfg = Release|Any CPU
		{93DB0327-8D30-459C-B492-40EA6CB6C458}.Release|Any CPU.Build.0 = Release|Any CPU
		{1F4F6D0A-62E2-4A33-8666-98FB8EB64872}.Debug|Any CPU.ActiveCfg = Debug|Any CPU
		{1F4F6D0A-62E2-4A33-8666-98FB8EB64872}.Debug|Any CPU.Build.0 = Debug|Any CPU
		{1F4F6D0A-62E2-4A33-8666-98FB8EB64872}.Release|Any CPU.ActiveCfg = Release|Any CPU
		{1F4F6D0A-62E2-4A33-8666-98FB8EB64872}.Release|Any CPU.Build.0 = Release|Any CPU
		{D4847581-E9C1-45BB-A06F-49C5FDCC09BE}.Debug|Any CPU.ActiveCfg = Debug|Any CPU
		{D4847581-E9C1-45BB-A06F-49C5FDCC09BE}.Debug|Any CPU.Build.0 = Debug|Any CPU
		{D4847581-E9C1-45BB-A06F-49C5FDCC09BE}.Release|Any CPU.ActiveCfg = Release|Any CPU
		{D4847581-E9C1-45BB-A06F-49C5FDCC09BE}.Release|Any CPU.Build.0 = Release|Any CPU
		{275A8A24-FF25-49BA-9528-54F6F75D4BB6}.Debug|Any CPU.ActiveCfg = Debug|Any CPU
		{275A8A24-FF25-49BA-9528-54F6F75D4BB6}.Debug|Any CPU.Build.0 = Debug|Any CPU
		{275A8A24-FF25-49BA-9528-54F6F75D4BB6}.Release|Any CPU.ActiveCfg = Release|Any CPU
		{275A8A24-FF25-49BA-9528-54F6F75D4BB6}.Release|Any CPU.Build.0 = Release|Any CPU
		{486B8399-16BF-4F5D-8F23-E8C6A0620B4D}.Debug|Any CPU.ActiveCfg = Debug|Any CPU
		{486B8399-16BF-4F5D-8F23-E8C6A0620B4D}.Debug|Any CPU.Build.0 = Debug|Any CPU
		{486B8399-16BF-4F5D-8F23-E8C6A0620B4D}.Release|Any CPU.ActiveCfg = Release|Any CPU
		{486B8399-16BF-4F5D-8F23-E8C6A0620B4D}.Release|Any CPU.Build.0 = Release|Any CPU
		{62DC3B88-CBB5-4348-B374-399C19D89DB8}.Debug|Any CPU.ActiveCfg = Debug|Any CPU
		{62DC3B88-CBB5-4348-B374-399C19D89DB8}.Debug|Any CPU.Build.0 = Debug|Any CPU
		{62DC3B88-CBB5-4348-B374-399C19D89DB8}.Release|Any CPU.ActiveCfg = Release|Any CPU
		{62DC3B88-CBB5-4348-B374-399C19D89DB8}.Release|Any CPU.Build.0 = Release|Any CPU
		{A1387324-2AE2-4FEE-9AFA-1195B928673B}.Debug|Any CPU.ActiveCfg = Debug|Any CPU
		{A1387324-2AE2-4FEE-9AFA-1195B928673B}.Debug|Any CPU.Build.0 = Debug|Any CPU
		{A1387324-2AE2-4FEE-9AFA-1195B928673B}.Release|Any CPU.ActiveCfg = Release|Any CPU
		{A1387324-2AE2-4FEE-9AFA-1195B928673B}.Release|Any CPU.Build.0 = Release|Any CPU
		{EC985F93-26E3-4528-9C7F-D74B850D2F5F}.Debug|Any CPU.ActiveCfg = Debug|Any CPU
		{EC985F93-26E3-4528-9C7F-D74B850D2F5F}.Debug|Any CPU.Build.0 = Debug|Any CPU
		{EC985F93-26E3-4528-9C7F-D74B850D2F5F}.Release|Any CPU.ActiveCfg = Release|Any CPU
		{EC985F93-26E3-4528-9C7F-D74B850D2F5F}.Release|Any CPU.Build.0 = Release|Any CPU
		{4799704B-379E-4DBC-BFE0-1D6876522E01}.Debug|Any CPU.ActiveCfg = Debug|Any CPU
		{4799704B-379E-4DBC-BFE0-1D6876522E01}.Debug|Any CPU.Build.0 = Debug|Any CPU
		{4799704B-379E-4DBC-BFE0-1D6876522E01}.Release|Any CPU.ActiveCfg = Release|Any CPU
		{4799704B-379E-4DBC-BFE0-1D6876522E01}.Release|Any CPU.Build.0 = Release|Any CPU
		{73F7D8BB-3968-4D76-AF95-E6C3ABEF37F0}.Debug|Any CPU.ActiveCfg = Debug|Any CPU
		{73F7D8BB-3968-4D76-AF95-E6C3ABEF37F0}.Debug|Any CPU.Build.0 = Debug|Any CPU
		{73F7D8BB-3968-4D76-AF95-E6C3ABEF37F0}.Release|Any CPU.ActiveCfg = Release|Any CPU
		{73F7D8BB-3968-4D76-AF95-E6C3ABEF37F0}.Release|Any CPU.Build.0 = Release|Any CPU
		{BCC25C73-D28E-4FD6-B7D5-B9D0E88AE84C}.Debug|Any CPU.ActiveCfg = Debug|Any CPU
		{BCC25C73-D28E-4FD6-B7D5-B9D0E88AE84C}.Debug|Any CPU.Build.0 = Debug|Any CPU
		{BCC25C73-D28E-4FD6-B7D5-B9D0E88AE84C}.Release|Any CPU.ActiveCfg = Release|Any CPU
		{BCC25C73-D28E-4FD6-B7D5-B9D0E88AE84C}.Release|Any CPU.Build.0 = Release|Any CPU
		{B6F16E1C-11EB-439C-BB1F-DD07F79D8122}.Debug|Any CPU.ActiveCfg = Debug|Any CPU
		{B6F16E1C-11EB-439C-BB1F-DD07F79D8122}.Debug|Any CPU.Build.0 = Debug|Any CPU
		{B6F16E1C-11EB-439C-BB1F-DD07F79D8122}.Release|Any CPU.ActiveCfg = Release|Any CPU
		{B6F16E1C-11EB-439C-BB1F-DD07F79D8122}.Release|Any CPU.Build.0 = Release|Any CPU
	EndGlobalSection
	GlobalSection(SolutionProperties) = preSolution
		HideSolutionNode = FALSE
	EndGlobalSection
	GlobalSection(NestedProjects) = preSolution
		{6140B4D0-BF13-485F-9A42-BD1A8B1C4F02} = {F93F8CC5-3908-4E05-9F26-31FF22EEB8F6}
		{8B6078FE-ABB8-4F64-A283-838146704EE5} = {F93F8CC5-3908-4E05-9F26-31FF22EEB8F6}
		{43EB7163-22D1-4E99-A22E-6E9CFD72AF56} = {F93F8CC5-3908-4E05-9F26-31FF22EEB8F6}
		{F921744C-EFE0-4566-BE17-D09ED278430C} = {F93F8CC5-3908-4E05-9F26-31FF22EEB8F6}
		{1184FCAC-E206-4E8C-860E-0DE240F19173} = {F93F8CC5-3908-4E05-9F26-31FF22EEB8F6}
		{2A98A376-F884-4AC3-B529-054A72FF28C8} = {054BDE39-33FD-406B-AD9B-1E5682AC1024}
		{7A278294-5A96-49FD-9C8C-7FD1B3C02DA4} = {054BDE39-33FD-406B-AD9B-1E5682AC1024}
		{93DB0327-8D30-459C-B492-40EA6CB6C458} = {054BDE39-33FD-406B-AD9B-1E5682AC1024}
		{1F4F6D0A-62E2-4A33-8666-98FB8EB64872} = {054BDE39-33FD-406B-AD9B-1E5682AC1024}
		{D4847581-E9C1-45BB-A06F-49C5FDCC09BE} = {054BDE39-33FD-406B-AD9B-1E5682AC1024}
		{275A8A24-FF25-49BA-9528-54F6F75D4BB6} = {9AAD409D-77BF-4B06-89D3-6A7E50CACA59}
		{486B8399-16BF-4F5D-8F23-E8C6A0620B4D} = {9AAD409D-77BF-4B06-89D3-6A7E50CACA59}
		{62DC3B88-CBB5-4348-B374-399C19D89DB8} = {9AAD409D-77BF-4B06-89D3-6A7E50CACA59}
		{A1387324-2AE2-4FEE-9AFA-1195B928673B} = {9AAD409D-77BF-4B06-89D3-6A7E50CACA59}
		{EC985F93-26E3-4528-9C7F-D74B850D2F5F} = {5482257B-EE48-4A41-B550-AEA9B2BAF3B5}
		{4799704B-379E-4DBC-BFE0-1D6876522E01} = {5482257B-EE48-4A41-B550-AEA9B2BAF3B5}
		{73F7D8BB-3968-4D76-AF95-E6C3ABEF37F0} = {5482257B-EE48-4A41-B550-AEA9B2BAF3B5}
		{BCC25C73-D28E-4FD6-B7D5-B9D0E88AE84C} = {5482257B-EE48-4A41-B550-AEA9B2BAF3B5}
		{B6F16E1C-11EB-439C-BB1F-DD07F79D8122} = {FDF5423B-CD6F-4CCB-BC74-41A5A0672DB9}
	EndGlobalSection
	GlobalSection(ExtensibilityGlobals) = postSolution
		SolutionGuid = {6219570E-8DE2-4BAC-A67C-CD72CC53B183}
	EndGlobalSection
EndGlobal
